
Microsoft Visual Studio Solution File, Format Version 12.00
# Visual Studio Version 17
VisualStudioVersion = 17.10.34902.84
MinimumVisualStudioVersion = 10.0.40219.1
Project("{FAE04EC0-301F-11D3-BF4B-00C04F79EFBC}") = "MoodiFy.API", "MoodiFy.API\MoodiFy.API.csproj", "{F05A0795-C726-4392-A17A-FB048FE58BCE}"
EndProject
Global
	GlobalSection(SolutionConfigurationPlatforms) = preSolution
		Debug|Any CPU = Debug|Any CPU
		Release|Any CPU = Release|Any CPU
	EndGlobalSection
	GlobalSection(ProjectConfigurationPlatforms) = postSolution
		{F05A0795-C726-4392-A17A-FB048FE58BCE}.Debug|Any CPU.ActiveCfg = Debug|Any CPU
		{F05A0795-C726-4392-A17A-FB048FE58BCE}.Debug|Any CPU.Build.0 = Debug|Any CPU
		{F05A0795-C726-4392-A17A-FB048FE58BCE}.Release|Any CPU.ActiveCfg = Release|Any CPU
		{F05A0795-C726-4392-A17A-FB048FE58BCE}.Release|Any CPU.Build.0 = Release|Any CPU
	EndGlobalSection
	GlobalSection(SolutionProperties) = preSolution
		HideSolutionNode = FALSE
	EndGlobalSection
	GlobalSection(ExtensibilityGlobals) = postSolution
		SolutionGuid = {809A34C0-02C6-4867-96D6-03D5755C56AE}
	EndGlobalSection
EndGlobal
